{
  "lockfileVersion": 1,
  "configVersion": 0,
  "workspaces": {
    "": {
      "name": "dataiku-sdk",
      "dependencies": {
        "@sinclair/typebox": "^0.34.49",
      },
      "devDependencies": {
        "@types/bun": "^1.3.13",
        "dprint": "^0.53.2",
        "oxlint": "^1.62.0",
        "typescript": "^5.9.3",
      },
    },
    "packages/types": {
      "name": "@dataiku/types",
      "version": "0.1.0",
      "dependencies": {
        "@sinclair/typebox": "^0.34.49",
      },
    },
  },
  "packages": {
    "@dataiku/types": ["@dataiku/types@workspace:packages/types"],

    "@dprint/darwin-arm64": ["@dprint/darwin-arm64@0.53.2", "", { "os": "darwin", "cpu": "arm64" }, "sha512-ecKRF+mFE59layJPpX5AnYN7a9XNovX3f5QlPSdr+BmweoarOV2ieODyJklD5Tob9WiMv8jQyXYak5QH7fxByg=="],

    "@dprint/darwin-x64": ["@dprint/darwin-x64@0.53.2", "", { "os": "darwin", "cpu": "x64" }, "sha512-sHe7bsPU9BXnBPovjsq+98S1g64W7ZhyfGKMSVMTwP1BCL+IqOltfd5p7xTvAaRkL8cwRzqPYlj+kmCf24Qydw=="],

    "@dprint/linux-arm64-glibc": ["@dprint/linux-arm64-glibc@0.53.2", "", { "os": "linux", "cpu": "arm64" }, "sha512-K0aj5bLtPlSsTDAtLwEjwDGPIVpc8lgmvpLzf6IdASJn1kMkowPoZSCNUvmUUJTTmANscMugLsi9XGVbBzkE6Q=="],

    "@dprint/linux-arm64-musl": ["@dprint/linux-arm64-musl@0.53.2", "", { "os": "linux", "cpu": "arm64" }, "sha512-209yb6BGMiohPuB12wgnodULEs3JC1epLaHyN5s2XpDU7rWi6WqWkzeSuuN2TTAbDz4Z51tqe5KJSRsF0yi+Dg=="],

    "@dprint/linux-loong64-glibc": ["@dprint/linux-loong64-glibc@0.53.2", "", { "os": "linux", "cpu": "none" }, "sha512-IngXJ6c7n/DYd2j1CssLHqxtGILMv0BEQZplx8kIYedGyVbzLSxJu7XpqgThnCuLQjh4elfRkT67Q8g7l//m0Q=="],

    "@dprint/linux-loong64-musl": ["@dprint/linux-loong64-musl@0.53.2", "", { "os": "linux", "cpu": "none" }, "sha512-ExtcNOjSbXgpoWw5efAO00xYTOlEsEyz58v/HPJzEV5tfn9J7vozSVxTdXLDkTgg+USEQLaZ9qTnXxc1kbraiQ=="],

    "@dprint/linux-riscv64-glibc": ["@dprint/linux-riscv64-glibc@0.53.2", "", { "os": "linux", "cpu": "none" }, "sha512-2UTqXMkIhyK7rYdpBY7tE3x1R36msWjX3lU3MdYM9HauldnsHJx2EhZofIYzHBICH8eziw/W7aY8HWo4oLdJ/A=="],

    "@dprint/linux-x64-glibc": ["@dprint/linux-x64-glibc@0.53.2", "", { "os": "linux", "cpu": "x64" }, "sha512-hO4O7d20IALUCFbFG2H7kvP5Di3/G8fqrMXzX9Fdps4ccM4Kg3Cr9LZ/G+mif4Q9WwwUnkOJ0oXBxeqJ8S65ng=="],

    "@dprint/linux-x64-musl": ["@dprint/linux-x64-musl@0.53.2", "", { "os": "linux", "cpu": "x64" }, "sha512-XHqYE5nFz1s5Z2J1E9j8JYHE4ISp5KCfaYT7fs4lW14G2B8U/CtutUGWzvP5aYRGfLc6CYGrWgKAQppn846vUQ=="],

    "@dprint/win32-arm64": ["@dprint/win32-arm64@0.53.2", "", { "os": "win32", "cpu": "arm64" }, "sha512-Z8N2iwhFN91wK0SlR+oGHGF8rrwOw7BiZTAKwR8E7Fr2lKSTsjbRv3Nr1znk2pHkmRyZ1/6PwzTiVF5sSZcIXQ=="],

    "@dprint/win32-x64": ["@dprint/win32-x64@0.53.2", "", { "os": "win32", "cpu": "x64" }, "sha512-xdOOm4ZG9pqKdnVvgFMp8/c9Ylkt2LcTFqjmxF1CoCZNNYGMUrH60YQl/M9R9wJXSSQOv6K+7Ub+hOWcIlxIjw=="],

    "@oxlint/binding-android-arm-eabi": ["@oxlint/binding-android-arm-eabi@1.62.0", "", { "os": "android", "cpu": "arm" }, "sha512-pKsthNECyvJh8lPTICz6VcwVy2jOqdhhsp1rlxCkhgZR47aKvXPmaRWQDv+zlXpRae4qm1MaaTnutkaOk5aofg=="],

    "@oxlint/binding-android-arm64": ["@oxlint/binding-android-arm64@1.62.0", "", { "os": "android", "cpu": "arm64" }, "sha512-b1AUNViByvgmR2xJDubvLIr+dSuu3uraG7bsAoKo+xrpspPvu6RIn6Fhr2JUhobfep3jwUTy18Huco6GkwdvGQ=="],

    "@oxlint/binding-darwin-arm64": ["@oxlint/binding-darwin-arm64@1.62.0", "", { "os": "darwin", "cpu": "arm64" }, "sha512-iG+Tvf70UJ6otfwFYIHk36Sjq9cpPP5YLxkoggANNRtzgi3Tj3g8q6Ybqi6AtkU3+yg9QwF7bDCkCS6bbL4PCg=="],

    "@oxlint/binding-darwin-x64": ["@oxlint/binding-darwin-x64@1.62.0", "", { "os": "darwin", "cpu": "x64" }, "sha512-oOWI6YPPr5AJUx+yIDlxmuUbQjS5gZX3OH3QisawYvsZgLiQVvZtR0rPBcJTxLWqt2ClrWg0DlSrlUiG5SQNHg=="],

    "@oxlint/binding-freebsd-x64": ["@oxlint/binding-freebsd-x64@1.62.0", "", { "os": "freebsd", "cpu": "x64" }, "sha512-dLP33T7VLCmLVv4cvjkVX+rmkcwNk2UfxmsZPNur/7BQHoQR60zJ7XLiRvNUawlzn0u8ngCa3itjEG73MAMa/w=="],

    "@oxlint/binding-linux-arm-gnueabihf": ["@oxlint/binding-linux-arm-gnueabihf@1.62.0", "", { "os": "linux", "cpu": "arm" }, "sha512-fl//LWNks6qo9chNY60UDYyIwtp7a5cEx4Y/rHPjaarhuwqx6jtbzEpD5V5AqmdL4a6Y5D8zeXg5HF2Cr0QmSQ=="],

    "@oxlint/binding-linux-arm-musleabihf": ["@oxlint/binding-linux-arm-musleabihf@1.62.0", "", { "os": "linux", "cpu": "arm" }, "sha512-i5vkAuxvueTODV3J2dL61/TXewDHhMFKvtD156cIsk7GsdfiAu7zW7kY0NJXhKeFHeiMZIh7eFNjkPYH6J47HQ=="],

    "@oxlint/binding-linux-arm64-gnu": ["@oxlint/binding-linux-arm64-gnu@1.62.0", "", { "os": "linux", "cpu": "arm64" }, "sha512-QwN19LLuIGuOjEflSeJkZmOTfBdBMlTmW8xbMf8TZhjd//cxVNYQPq75q7oKZBJc6hRx3gY7sX0Egc8cEIFZYg=="],

    "@oxlint/binding-linux-arm64-musl": ["@oxlint/binding-linux-arm64-musl@1.62.0", "", { "os": "linux", "cpu": "arm64" }, "sha512-8eCy3FCDuWUM5hWujAv6heMvfZPbcCOU3SdQUAkixZLu5bSzOkNfirJiLGoQFO943xceOKkiQRMQNzH++jM3WA=="],

    "@oxlint/binding-linux-ppc64-gnu": ["@oxlint/binding-linux-ppc64-gnu@1.62.0", "", { "os": "linux", "cpu": "ppc64" }, "sha512-NjQ7K7tpTPDe9J+yq8p/s/J0E7lRCkK2uDBDqvT4XIT6f4Z0tlnr59OBg/WcrmVHER1AbrcfyxhGTXgcG8ytWg=="],

    "@oxlint/binding-linux-riscv64-gnu": ["@oxlint/binding-linux-riscv64-gnu@1.62.0", "", { "os": "linux", "cpu": "none" }, "sha512-oKZed9gmSwze29dEt3/Wnsv6l/Ygw/FUst+8Kfpv2SGeS/glEoTGZAMQw37SVyzFV76UTHJN2snGgxK2t2+8ow=="],

    "@oxlint/binding-linux-riscv64-musl": ["@oxlint/binding-linux-riscv64-musl@1.62.0", "", { "os": "linux", "cpu": "none" }, "sha512-gBjBxQ+9lGpAYq+ELqw0w8QXsBnkZclFc7GRX2r0LnEVn3ZTEqeIKpKcGjucmp76Q53bvJD0i4qBWBhcfhSfGA=="],

    "@oxlint/binding-linux-s390x-gnu": ["@oxlint/binding-linux-s390x-gnu@1.62.0", "", { "os": "linux", "cpu": "s390x" }, "sha512-Ew2Kxs9EQ9/mbAIJ2hvocMC0wsOu6YKzStI2eFBDt+Td5O8seVC/oxgRIHqCcl5sf5ratA1nozQBAuv7tphkHg=="],

    "@oxlint/binding-linux-x64-gnu": ["@oxlint/binding-linux-x64-gnu@1.62.0", "", { "os": "linux", "cpu": "x64" }, "sha512-5z25jcAA0gfKyVwz71A0VXgaPlocPoTAxhlv/hgoK6tlCrfoNuw7haWbDHvGMfjXhdic4EqVXGRv5XsTqFnbRQ=="],

    "@oxlint/binding-linux-x64-musl": ["@oxlint/binding-linux-x64-musl@1.62.0", "", { "os": "linux", "cpu": "x64" }, "sha512-IWpHmMB6ZDllPvqWDkG6AmXrN7JF5e/c4g/0PuURsmlK+vHoYZPB70rr4u1bn3I4LsKCSpqqfveyx6UCOC8wdg=="],

    "@oxlint/binding-openharmony-arm64": ["@oxlint/binding-openharmony-arm64@1.62.0", "", { "os": "none", "cpu": "arm64" }, "sha512-fjlSxxrD5pA594vkyikCS9MnPRjQawW6/BLgyTYkO+73wwPlYjkcZ7LSd974l0Q2zkHQmu4DPvJFLYA7o8xrxQ=="],

    "@oxlint/binding-win32-arm64-msvc": ["@oxlint/binding-win32-arm64-msvc@1.62.0", "", { "os": "win32", "cpu": "arm64" }, "sha512-EiFXr8loNS0Ul3Gu80+9nr1T8jRmnKocqmHHg16tj5ZqTgUXyb97l2rrspVHdDluyFn9JfR4PoJFdNzw4paHww=="],

    "@oxlint/binding-win32-ia32-msvc": ["@oxlint/binding-win32-ia32-msvc@1.62.0", "", { "os": "win32", "cpu": "ia32" }, "sha512-IgOFvL73li1bFgab+hThXYA0N2Xms2kV2MvZN95cebV+fmrZ9AVui1JSxfeeqRLo3CpPxKZlzhyq4G0cnaAvIw=="],

    "@oxlint/binding-win32-x64-msvc": ["@oxlint/binding-win32-x64-msvc@1.62.0", "", { "os": "win32", "cpu": "x64" }, "sha512-6hMpyDWQ2zGA1OXFKBrdYMUveUCO8UJhkO6JdwZPd78xIdHZNhjx+pib+4fC2Cljuhjyl0QwA2F3df/bs4Bp6A=="],

    "@sinclair/typebox": ["@sinclair/typebox@0.34.49", "", {}, "sha512-brySQQs7Jtn0joV8Xh9ZV/hZb9Ozb0pmazDIASBkYKCjXrXU3mpcFahmK/z4YDhGkQvP9mWJbVyahdtU5wQA+A=="],

    "@types/bun": ["@types/bun@1.3.13", "", { "dependencies": { "bun-types": "1.3.13" } }, "sha512-9fqXWk5YIHGGnUau9TEi+qdlTYDAnOj+xLCmSTwXfAIqXr2x4tytJb43E9uCvt09zJURKXwAtkoH4nLQfzeTXw=="],

    "@types/node": ["@types/node@25.5.0", "", { "dependencies": { "undici-types": "~7.18.0" } }, "sha512-jp2P3tQMSxWugkCUKLRPVUpGaL5MVFwF8RDuSRztfwgN1wmqJeMSbKlnEtQqU8UrhTmzEmZdu2I6v2dpp7XIxw=="],

    "bun-types": ["bun-types@1.3.13", "", { "dependencies": { "@types/node": "*" } }, "sha512-QXKeHLlOLqQX9LgYaHJfzdBaV21T63HhFJnvuRCcjZiaUDpbs5ED1MgxbMra71CsryN/1dAoXuJJJwIv/2drVA=="],

    "dprint": ["dprint@0.53.2", "", { "optionalDependencies": { "@dprint/darwin-arm64": "0.53.2", "@dprint/darwin-x64": "0.53.2", "@dprint/linux-arm64-glibc": "0.53.2", "@dprint/linux-arm64-musl": "0.53.2", "@dprint/linux-loong64-glibc": "0.53.2", "@dprint/linux-loong64-musl": "0.53.2", "@dprint/linux-riscv64-glibc": "0.53.2", "@dprint/linux-x64-glibc": "0.53.2", "@dprint/linux-x64-musl": "0.53.2", "@dprint/win32-arm64": "0.53.2", "@dprint/win32-x64": "0.53.2" }, "bin": { "dprint": "bin.cjs" } }, "sha512-3uF+X66vm3UmDG5tbBKUAyetc/FsBn+2fswfVzFlbrIlE2l0BgwRLEssYqW/o93lYn6A39i3lP2+wHA4B+usDg=="],

    "oxlint": ["oxlint@1.62.0", "", { "optionalDependencies": { "@oxlint/binding-android-arm-eabi": "1.62.0", "@oxlint/binding-android-arm64": "1.62.0", "@oxlint/binding-darwin-arm64": "1.62.0", "@oxlint/binding-darwin-x64": "1.62.0", "@oxlint/binding-freebsd-x64": "1.62.0", "@oxlint/binding-linux-arm-gnueabihf": "1.62.0", "@oxlint/binding-linux-arm-musleabihf": "1.62.0", "@oxlint/binding-linux-arm64-gnu": "1.62.0", "@oxlint/binding-linux-arm64-musl": "1.62.0", "@oxlint/binding-linux-ppc64-gnu": "1.62.0", "@oxlint/binding-linux-riscv64-gnu": "1.62.0", "@oxlint/binding-linux-riscv64-musl": "1.62.0", "@oxlint/binding-linux-s390x-gnu": "1.62.0", "@oxlint/binding-linux-x64-gnu": "1.62.0", "@oxlint/binding-linux-x64-musl": "1.62.0", "@oxlint/binding-openharmony-arm64": "1.62.0", "@oxlint/binding-win32-arm64-msvc": "1.62.0", "@oxlint/binding-win32-ia32-msvc": "1.62.0", "@oxlint/binding-win32-x64-msvc": "1.62.0" }, "peerDependencies": { "oxlint-tsgolint": ">=0.18.0" }, "optionalPeers": ["oxlint-tsgolint"], "bin": { "oxlint": "bin/oxlint" } }, "sha512-1uFkg6HakjsGIpW9wNdeW4/2LOHW9MEkoWjZUTUfQtIHyLIZPYt00w3Sg+H3lH+206FgBPHBbW5dVE5l2ExECQ=="],

    "typescript": ["typescript@5.9.3", "", { "bin": { "tsc": "bin/tsc", "tsserver": "bin/tsserver" } }, "sha512-jl1vZzPDinLr9eUt3J/t7V6FgNEw9QjvBPdysz9KfQDD41fQrC2Y4vKQdiaUpFT4bXlb1RHhLpp8wtm6M5TgSw=="],

    "undici-types": ["undici-types@7.18.2", "", {}, "sha512-AsuCzffGHJybSaRrmr5eHr81mwJU3kjw6M+uprWvCXiNeN9SOGwQ3Jn8jb8m3Z6izVgknn1R0FTCEAP2QrLY/w=="],
  }
}
