{
  "lockfileVersion": 1,
  "configVersion": 0,
  "workspaces": {
    "": {
      "name": "dataiku-sdk",
      "dependencies": {
        "@dataiku/types": "workspace:*",
        "@sinclair/typebox": "^0.34.48",
      },
      "devDependencies": {
        "@types/bun": "^1.2.14",
        "dprint": "^0.53.0",
        "oxlint": "^1.55.0",
        "typescript": "^5.8.0",
      },
    },
    "packages/types": {
      "name": "@dataiku/types",
      "version": "0.1.0",
      "dependencies": {
        "@sinclair/typebox": "^0.34.48",
      },
    },
  },
  "packages": {
    "@dataiku/types": ["@dataiku/types@workspace:packages/types"],

    "@dprint/darwin-arm64": ["@dprint/darwin-arm64@0.53.0", "", { "os": "darwin", "cpu": "arm64" }, "sha512-ks9Y6koRRHWQOGIXuAUTZt5QkbR8uRVYvj80SKbjZTBYWaazjgPBbzYjnsz5qD6K/ALAqjfGFj5pAx8hgpkxeQ=="],

    "@dprint/darwin-x64": ["@dprint/darwin-x64@0.53.0", "", { "os": "darwin", "cpu": "x64" }, "sha512-h50X4bVMqcBbJBmH25ilyEBi/xqpxDIBuK01+k7TFMdk65N1u8hUjJyVV+2cEUhmHvXF/HVtSrRIRgIPJbQa5g=="],

    "@dprint/linux-arm64-glibc": ["@dprint/linux-arm64-glibc@0.53.0", "", { "os": "linux", "cpu": "arm64" }, "sha512-pQ2uGibLcshKvz6DAnJ+/I8GJ3BSTwfFbt7itC74ci0mIiY0szMByby1ctA8ojL0U6mQewsueN3uETx7udfurA=="],

    "@dprint/linux-arm64-musl": ["@dprint/linux-arm64-musl@0.53.0", "", { "os": "linux", "cpu": "arm64" }, "sha512-YhUs/fsuftp8gaeHjraCGVHdyflhbZDMLfqRaDtlzXMS5byc+z3NWsWxDc2YRXCPt614ulr6l6fDWp6wiOzJyg=="],

    "@dprint/linux-loong64-glibc": ["@dprint/linux-loong64-glibc@0.53.0", "", { "os": "linux", "cpu": "none" }, "sha512-Q4VZfD18+xIHbXcEq4xlHsYhYSENkrP7bYIXSZlMtAqgZiiSOZ1rYKRmtOWWbBhD5nJ1E0lN/AddEl8eYI8Ehg=="],

    "@dprint/linux-loong64-musl": ["@dprint/linux-loong64-musl@0.53.0", "", { "os": "linux", "cpu": "none" }, "sha512-CUwrJ/GuNRk3gnDDU/ovqirOecr6ifiNLtTvfmfY83Xui3eJ2iNHQgy/BTgPhX9SDi6gnvMc+/yWUGGtsl3sag=="],

    "@dprint/linux-riscv64-glibc": ["@dprint/linux-riscv64-glibc@0.53.0", "", { "os": "linux", "cpu": "none" }, "sha512-R4wNskl87MhDK5YjYtn4qn8nFw+rtS5evudzVIz01UTyrnEiFynJbW6vUPFEl7r92FeZKdlqRuDBWDAsz8HhvQ=="],

    "@dprint/linux-x64-glibc": ["@dprint/linux-x64-glibc@0.53.0", "", { "os": "linux", "cpu": "x64" }, "sha512-ynaC2AR9wXUtOnys3EUXCj7O2C75PCX2iMOIhDaqY/7+V9uigQEoNZqN9N/v72HSPhBNw37Z19Jy+yOwsvOwlg=="],

    "@dprint/linux-x64-musl": ["@dprint/linux-x64-musl@0.53.0", "", { "os": "linux", "cpu": "x64" }, "sha512-0/BY9FSmqfESeBfto2rZj2aX9ihlxHxtesfSZoCSGWdb9xPnhgn0D2CIswLZS7U37uSdX4+D8Hi97NWOLls+RA=="],

    "@dprint/win32-arm64": ["@dprint/win32-arm64@0.53.0", "", { "os": "win32", "cpu": "arm64" }, "sha512-RotC4SDfBvMuImh9DnPq3tMnzaol4lCQDa/QMPq1Ev4oAQGfxRlNKeI7hvwgY+otH6HJfwpD+YKv7YdNBEoH1g=="],

    "@dprint/win32-x64": ["@dprint/win32-x64@0.53.0", "", { "os": "win32", "cpu": "x64" }, "sha512-Z6a5Qua1QRoOZpDQTlfcIVOubZ1N0e84dc6NEtBriBNjfy8mUPS2zF+ifSx2M7EeuCKIyNAotVLmD2iydp2Ekg=="],

    "@oxlint/binding-android-arm-eabi": ["@oxlint/binding-android-arm-eabi@1.55.0", "", { "os": "android", "cpu": "arm" }, "sha512-NhvgAhncTSOhRahQSCnkK/4YIGPjTmhPurQQ2dwt2IvwCMTvZRW5vF2K10UBOxFve4GZDMw6LtXZdC2qeuYIVQ=="],

    "@oxlint/binding-android-arm64": ["@oxlint/binding-android-arm64@1.55.0", "", { "os": "android", "cpu": "arm64" }, "sha512-P9iWRh+Ugqhg+D7rkc7boHX8o3H2h7YPcZHQIgvVBgnua5tk4LR2L+IBlreZs58/95cd2x3/004p5VsQM9z4SA=="],

    "@oxlint/binding-darwin-arm64": ["@oxlint/binding-darwin-arm64@1.55.0", "", { "os": "darwin", "cpu": "arm64" }, "sha512-esakkJIt7WFAhT30P/Qzn96ehFpzdZ1mNuzpOb8SCW7lI4oB8VsyQnkSHREM671jfpuBb/o2ppzBCx5l0jpgMA=="],

    "@oxlint/binding-darwin-x64": ["@oxlint/binding-darwin-x64@1.55.0", "", { "os": "darwin", "cpu": "x64" }, "sha512-xDMFRCCAEK9fOH6As2z8ELsC+VDGSFRHwIKVSilw+xhgLwTDFu37rtmRbmUlx8rRGS6cWKQPTc47AVxAZEVVPQ=="],

    "@oxlint/binding-freebsd-x64": ["@oxlint/binding-freebsd-x64@1.55.0", "", { "os": "freebsd", "cpu": "x64" }, "sha512-mYZqnwUD7ALCRxGenyLd1uuG+rHCL+OTT6S8FcAbVm/ZT2AZMGjvibp3F6k1SKOb2aeqFATmwRykrE41Q0GWVw=="],

    "@oxlint/binding-linux-arm-gnueabihf": ["@oxlint/binding-linux-arm-gnueabihf@1.55.0", "", { "os": "linux", "cpu": "arm" }, "sha512-LcX6RYcF9vL9ESGwJW3yyIZ/d/ouzdOKXxCdey1q0XJOW1asrHsIg5MmyKdEBR4plQx+shvYeQne7AzW5f3T1w=="],

    "@oxlint/binding-linux-arm-musleabihf": ["@oxlint/binding-linux-arm-musleabihf@1.55.0", "", { "os": "linux", "cpu": "arm" }, "sha512-C+8GS1rPtK+dI7mJFkqoRBkDuqbrNihnyYQsJPS9ez+8zF9JzfvU19lawqt4l/Y23o5uQswE/DORa8aiXUih3w=="],

    "@oxlint/binding-linux-arm64-gnu": ["@oxlint/binding-linux-arm64-gnu@1.55.0", "", { "os": "linux", "cpu": "arm64" }, "sha512-ErLE4XbmcCopA4/CIDiH6J1IAaDOMnf/KSx/aFObs4/OjAAM3sFKWGZ57pNOMxhhyBdcmcXwYymph9GwcpcqgQ=="],

    "@oxlint/binding-linux-arm64-musl": ["@oxlint/binding-linux-arm64-musl@1.55.0", "", { "os": "linux", "cpu": "arm64" }, "sha512-/kp65avi6zZfqEng56TTuhiy3P/3pgklKIdf38yvYeJ9/PgEeRA2A2AqKAKbZBNAqUzrzHhz9jF6j/PZvhJzTQ=="],

    "@oxlint/binding-linux-ppc64-gnu": ["@oxlint/binding-linux-ppc64-gnu@1.55.0", "", { "os": "linux", "cpu": "ppc64" }, "sha512-A6pTdXwcEEwL/nmz0eUJ6WxmxcoIS+97GbH96gikAyre3s5deC7sts38ZVVowjS2QQFuSWkpA4ZmQC0jZSNvJQ=="],

    "@oxlint/binding-linux-riscv64-gnu": ["@oxlint/binding-linux-riscv64-gnu@1.55.0", "", { "os": "linux", "cpu": "none" }, "sha512-clj0lnIN+V52G9tdtZl0LbdTSurnZ1NZj92Je5X4lC7gP5jiCSW+Y/oiDiSauBAD4wrHt2S7nN3pA0zfKYK/6Q=="],

    "@oxlint/binding-linux-riscv64-musl": ["@oxlint/binding-linux-riscv64-musl@1.55.0", "", { "os": "linux", "cpu": "none" }, "sha512-NNu08pllN5x/O94/sgR3DA8lbrGBnTHsINZZR0hcav1sj79ksTiKKm1mRzvZvacwQ0hUnGinFo+JO75ok2PxYg=="],

    "@oxlint/binding-linux-s390x-gnu": ["@oxlint/binding-linux-s390x-gnu@1.55.0", "", { "os": "linux", "cpu": "s390x" }, "sha512-BvfQz3PRlWZRoEZ17dZCqgQsMRdpzGZomJkVATwCIGhHVVeHJMQdmdXPSjcT1DCNUrOjXnVyj1RGDj5+/Je2+Q=="],

    "@oxlint/binding-linux-x64-gnu": ["@oxlint/binding-linux-x64-gnu@1.55.0", "", { "os": "linux", "cpu": "x64" }, "sha512-ngSOoFCSBMKVQd24H8zkbcBNc7EHhjnF1sv3mC9NNXQ/4rRjI/4Dj9+9XoDZeFEkF1SX1COSBXF1b2Pr9rqdEw=="],

    "@oxlint/binding-linux-x64-musl": ["@oxlint/binding-linux-x64-musl@1.55.0", "", { "os": "linux", "cpu": "x64" }, "sha512-BDpP7W8GlaG7BR6QjGZAleYzxoyKc/D24spZIF2mB3XsfALQJJT/OBmP8YpeTb1rveFSBHzl8T7l0aqwkWNdGA=="],

    "@oxlint/binding-openharmony-arm64": ["@oxlint/binding-openharmony-arm64@1.55.0", "", { "os": "none", "cpu": "arm64" }, "sha512-PS6GFvmde/pc3fCA2Srt51glr8Lcxhpf6WIBFfLphndjRrD34NEcses4TSxQrEcxYo6qVywGfylM0ZhSCF2gGA=="],

    "@oxlint/binding-win32-arm64-msvc": ["@oxlint/binding-win32-arm64-msvc@1.55.0", "", { "os": "win32", "cpu": "arm64" }, "sha512-P6JcLJGs/q1UOvDLzN8otd9JsH4tsuuPDv+p7aHqHM3PrKmYdmUvkNj4K327PTd35AYcznOCN+l4ZOaq76QzSw=="],

    "@oxlint/binding-win32-ia32-msvc": ["@oxlint/binding-win32-ia32-msvc@1.55.0", "", { "os": "win32", "cpu": "ia32" }, "sha512-gzkk4zE2zsE+WmRxFOiAZHpCpUNDFytEakqNXoNHW+PnYEOTPKDdW6nrzgSeTbGKVPXNAKQnRnMgrh7+n3Xueg=="],

    "@oxlint/binding-win32-x64-msvc": ["@oxlint/binding-win32-x64-msvc@1.55.0", "", { "os": "win32", "cpu": "x64" }, "sha512-ZFALNow2/og75gvYzNP7qe+rREQ5xunktwA+lgykoozHZ6hw9bqg4fn5j2UvG4gIn1FXqrZHkOAXuPf5+GOYTQ=="],

    "@sinclair/typebox": ["@sinclair/typebox@0.34.48", "", {}, "sha512-kKJTNuK3AQOrgjjotVxMrCn1sUJwM76wMszfq1kdU4uYVJjvEWuFQ6HgvLt4Xz3fSmZlTOxJ/Ie13KnIcWQXFA=="],

    "@types/bun": ["@types/bun@1.3.10", "", { "dependencies": { "bun-types": "1.3.10" } }, "sha512-0+rlrUrOrTSskibryHbvQkDOWRJwJZqZlxrUs1u4oOoTln8+WIXBPmAuCF35SWB2z4Zl3E84Nl/D0P7803nigQ=="],

    "@types/node": ["@types/node@25.5.0", "", { "dependencies": { "undici-types": "~7.18.0" } }, "sha512-jp2P3tQMSxWugkCUKLRPVUpGaL5MVFwF8RDuSRztfwgN1wmqJeMSbKlnEtQqU8UrhTmzEmZdu2I6v2dpp7XIxw=="],

    "bun-types": ["bun-types@1.3.10", "", { "dependencies": { "@types/node": "*" } }, "sha512-tcpfCCl6XWo6nCVnpcVrxQ+9AYN1iqMIzgrSKYMB/fjLtV2eyAVEg7AxQJuCq/26R6HpKWykQXuSOq/21RYcbg=="],

    "dprint": ["dprint@0.53.0", "", { "optionalDependencies": { "@dprint/darwin-arm64": "0.53.0", "@dprint/darwin-x64": "0.53.0", "@dprint/linux-arm64-glibc": "0.53.0", "@dprint/linux-arm64-musl": "0.53.0", "@dprint/linux-loong64-glibc": "0.53.0", "@dprint/linux-loong64-musl": "0.53.0", "@dprint/linux-riscv64-glibc": "0.53.0", "@dprint/linux-x64-glibc": "0.53.0", "@dprint/linux-x64-musl": "0.53.0", "@dprint/win32-arm64": "0.53.0", "@dprint/win32-x64": "0.53.0" }, "bin": "bin.cjs" }, "sha512-6t/XQviNEMNIUeDFcGCbqF11JG2cUR3fxX0IQwEV2odFdNC1RwBjIRNhxHYR7vXQtaUMHntcsWuETX+V4evdcg=="],

    "oxlint": ["oxlint@1.55.0", "", { "optionalDependencies": { "@oxlint/binding-android-arm-eabi": "1.55.0", "@oxlint/binding-android-arm64": "1.55.0", "@oxlint/binding-darwin-arm64": "1.55.0", "@oxlint/binding-darwin-x64": "1.55.0", "@oxlint/binding-freebsd-x64": "1.55.0", "@oxlint/binding-linux-arm-gnueabihf": "1.55.0", "@oxlint/binding-linux-arm-musleabihf": "1.55.0", "@oxlint/binding-linux-arm64-gnu": "1.55.0", "@oxlint/binding-linux-arm64-musl": "1.55.0", "@oxlint/binding-linux-ppc64-gnu": "1.55.0", "@oxlint/binding-linux-riscv64-gnu": "1.55.0", "@oxlint/binding-linux-riscv64-musl": "1.55.0", "@oxlint/binding-linux-s390x-gnu": "1.55.0", "@oxlint/binding-linux-x64-gnu": "1.55.0", "@oxlint/binding-linux-x64-musl": "1.55.0", "@oxlint/binding-openharmony-arm64": "1.55.0", "@oxlint/binding-win32-arm64-msvc": "1.55.0", "@oxlint/binding-win32-ia32-msvc": "1.55.0", "@oxlint/binding-win32-x64-msvc": "1.55.0" }, "peerDependencies": { "oxlint-tsgolint": ">=0.15.0" }, "optionalPeers": ["oxlint-tsgolint"], "bin": "bin/oxlint" }, "sha512-T+FjepiyWpaZMhekqRpH8Z3I4vNM610p6w+Vjfqgj5TZUxHXl7N8N5IPvmOU8U4XdTRxqtNNTh9Y4hLtr7yvFg=="],

    "typescript": ["typescript@5.9.3", "", { "bin": { "tsc": "bin/tsc", "tsserver": "bin/tsserver" } }, "sha512-jl1vZzPDinLr9eUt3J/t7V6FgNEw9QjvBPdysz9KfQDD41fQrC2Y4vKQdiaUpFT4bXlb1RHhLpp8wtm6M5TgSw=="],

    "undici-types": ["undici-types@7.18.2", "", {}, "sha512-AsuCzffGHJybSaRrmr5eHr81mwJU3kjw6M+uprWvCXiNeN9SOGwQ3Jn8jb8m3Z6izVgknn1R0FTCEAP2QrLY/w=="],
  }
}
