{
	"name": "dataiku-sdk",
	"version": "0.6.0",
	"lockfileVersion": 3,
	"requires": true,
	"packages": {
		"": {
			"name": "dataiku-sdk",
			"version": "0.6.0",
			"bundleDependencies": [
				"@sinclair/typebox"
			],
			"license": "MIT",
			"workspaces": [
				"packages/*"
			],
			"dependencies": {
				"@sinclair/typebox": "^0.34.49"
			},
			"bin": {
				"dss": "bin/dss.js"
			},
			"devDependencies": {
				"@types/bun": "^1.3.13",
				"dprint": "^0.53.2",
				"oxlint": "^1.62.0",
				"typescript": "^5.9.3"
			},
			"engines": {
				"bun": ">=1.0"
			}
		},
		"node_modules/@dataiku/types": {
			"resolved": "packages/types",
			"link": true
		},
		"node_modules/@dprint/darwin-arm64": {
			"version": "0.53.2",
			"resolved": "https://registry.npmjs.org/@dprint/darwin-arm64/-/darwin-arm64-0.53.2.tgz",
			"integrity": "sha512-ecKRF+mFE59layJPpX5AnYN7a9XNovX3f5QlPSdr+BmweoarOV2ieODyJklD5Tob9WiMv8jQyXYak5QH7fxByg==",
			"cpu": [
				"arm64"
			],
			"dev": true,
			"license": "MIT",
			"optional": true,
			"os": [
				"darwin"
			]
		},
		"node_modules/@dprint/darwin-x64": {
			"version": "0.53.2",
			"resolved": "https://registry.npmjs.org/@dprint/darwin-x64/-/darwin-x64-0.53.2.tgz",
			"integrity": "sha512-sHe7bsPU9BXnBPovjsq+98S1g64W7ZhyfGKMSVMTwP1BCL+IqOltfd5p7xTvAaRkL8cwRzqPYlj+kmCf24Qydw==",
			"cpu": [
				"x64"
			],
			"dev": true,
			"license": "MIT",
			"optional": true,
			"os": [
				"darwin"
			]
		},
		"node_modules/@dprint/linux-arm64-glibc": {
			"version": "0.53.2",
			"resolved": "https://registry.npmjs.org/@dprint/linux-arm64-glibc/-/linux-arm64-glibc-0.53.2.tgz",
			"integrity": "sha512-K0aj5bLtPlSsTDAtLwEjwDGPIVpc8lgmvpLzf6IdASJn1kMkowPoZSCNUvmUUJTTmANscMugLsi9XGVbBzkE6Q==",
			"cpu": [
				"arm64"
			],
			"dev": true,
			"libc": [
				"glibc"
			],
			"license": "MIT",
			"optional": true,
			"os": [
				"linux"
			]
		},
		"node_modules/@dprint/linux-arm64-musl": {
			"version": "0.53.2",
			"resolved": "https://registry.npmjs.org/@dprint/linux-arm64-musl/-/linux-arm64-musl-0.53.2.tgz",
			"integrity": "sha512-209yb6BGMiohPuB12wgnodULEs3JC1epLaHyN5s2XpDU7rWi6WqWkzeSuuN2TTAbDz4Z51tqe5KJSRsF0yi+Dg==",
			"cpu": [
				"arm64"
			],
			"dev": true,
			"libc": [
				"musl"
			],
			"license": "MIT",
			"optional": true,
			"os": [
				"linux"
			]
		},
		"node_modules/@dprint/linux-loong64-glibc": {
			"version": "0.53.2",
			"resolved": "https://registry.npmjs.org/@dprint/linux-loong64-glibc/-/linux-loong64-glibc-0.53.2.tgz",
			"integrity": "sha512-IngXJ6c7n/DYd2j1CssLHqxtGILMv0BEQZplx8kIYedGyVbzLSxJu7XpqgThnCuLQjh4elfRkT67Q8g7l//m0Q==",
			"cpu": [
				"loong64"
			],
			"dev": true,
			"libc": [
				"glibc"
			],
			"license": "MIT",
			"optional": true,
			"os": [
				"linux"
			]
		},
		"node_modules/@dprint/linux-loong64-musl": {
			"version": "0.53.2",
			"resolved": "https://registry.npmjs.org/@dprint/linux-loong64-musl/-/linux-loong64-musl-0.53.2.tgz",
			"integrity": "sha512-ExtcNOjSbXgpoWw5efAO00xYTOlEsEyz58v/HPJzEV5tfn9J7vozSVxTdXLDkTgg+USEQLaZ9qTnXxc1kbraiQ==",
			"cpu": [
				"loong64"
			],
			"dev": true,
			"libc": [
				"musl"
			],
			"license": "MIT",
			"optional": true,
			"os": [
				"linux"
			]
		},
		"node_modules/@dprint/linux-riscv64-glibc": {
			"version": "0.53.2",
			"resolved": "https://registry.npmjs.org/@dprint/linux-riscv64-glibc/-/linux-riscv64-glibc-0.53.2.tgz",
			"integrity": "sha512-2UTqXMkIhyK7rYdpBY7tE3x1R36msWjX3lU3MdYM9HauldnsHJx2EhZofIYzHBICH8eziw/W7aY8HWo4oLdJ/A==",
			"cpu": [
				"riscv64"
			],
			"dev": true,
			"libc": [
				"glibc"
			],
			"license": "MIT",
			"optional": true,
			"os": [
				"linux"
			]
		},
		"node_modules/@dprint/linux-x64-glibc": {
			"version": "0.53.2",
			"resolved": "https://registry.npmjs.org/@dprint/linux-x64-glibc/-/linux-x64-glibc-0.53.2.tgz",
			"integrity": "sha512-hO4O7d20IALUCFbFG2H7kvP5Di3/G8fqrMXzX9Fdps4ccM4Kg3Cr9LZ/G+mif4Q9WwwUnkOJ0oXBxeqJ8S65ng==",
			"cpu": [
				"x64"
			],
			"dev": true,
			"libc": [
				"glibc"
			],
			"license": "MIT",
			"optional": true,
			"os": [
				"linux"
			]
		},
		"node_modules/@dprint/linux-x64-musl": {
			"version": "0.53.2",
			"resolved": "https://registry.npmjs.org/@dprint/linux-x64-musl/-/linux-x64-musl-0.53.2.tgz",
			"integrity": "sha512-XHqYE5nFz1s5Z2J1E9j8JYHE4ISp5KCfaYT7fs4lW14G2B8U/CtutUGWzvP5aYRGfLc6CYGrWgKAQppn846vUQ==",
			"cpu": [
				"x64"
			],
			"dev": true,
			"libc": [
				"musl"
			],
			"license": "MIT",
			"optional": true,
			"os": [
				"linux"
			]
		},
		"node_modules/@dprint/win32-arm64": {
			"version": "0.53.2",
			"resolved": "https://registry.npmjs.org/@dprint/win32-arm64/-/win32-arm64-0.53.2.tgz",
			"integrity": "sha512-Z8N2iwhFN91wK0SlR+oGHGF8rrwOw7BiZTAKwR8E7Fr2lKSTsjbRv3Nr1znk2pHkmRyZ1/6PwzTiVF5sSZcIXQ==",
			"cpu": [
				"arm64"
			],
			"dev": true,
			"license": "MIT",
			"optional": true,
			"os": [
				"win32"
			]
		},
		"node_modules/@dprint/win32-x64": {
			"version": "0.53.2",
			"resolved": "https://registry.npmjs.org/@dprint/win32-x64/-/win32-x64-0.53.2.tgz",
			"integrity": "sha512-xdOOm4ZG9pqKdnVvgFMp8/c9Ylkt2LcTFqjmxF1CoCZNNYGMUrH60YQl/M9R9wJXSSQOv6K+7Ub+hOWcIlxIjw==",
			"cpu": [
				"x64"
			],
			"dev": true,
			"license": "MIT",
			"optional": true,
			"os": [
				"win32"
			]
		},
		"node_modules/@oxlint/binding-android-arm-eabi": {
			"version": "1.62.0",
			"resolved": "https://registry.npmjs.org/@oxlint/binding-android-arm-eabi/-/binding-android-arm-eabi-1.62.0.tgz",
			"integrity": "sha512-pKsthNECyvJh8lPTICz6VcwVy2jOqdhhsp1rlxCkhgZR47aKvXPmaRWQDv+zlXpRae4qm1MaaTnutkaOk5aofg==",
			"cpu": [
				"arm"
			],
			"dev": true,
			"license": "MIT",
			"optional": true,
			"os": [
				"android"
			],
			"engines": {
				"node": "^20.19.0 || >=22.12.0"
			}
		},
		"node_modules/@oxlint/binding-android-arm64": {
			"version": "1.62.0",
			"resolved": "https://registry.npmjs.org/@oxlint/binding-android-arm64/-/binding-android-arm64-1.62.0.tgz",
			"integrity": "sha512-b1AUNViByvgmR2xJDubvLIr+dSuu3uraG7bsAoKo+xrpspPvu6RIn6Fhr2JUhobfep3jwUTy18Huco6GkwdvGQ==",
			"cpu": [
				"arm64"
			],
			"dev": true,
			"license": "MIT",
			"optional": true,
			"os": [
				"android"
			],
			"engines": {
				"node": "^20.19.0 || >=22.12.0"
			}
		},
		"node_modules/@oxlint/binding-darwin-arm64": {
			"version": "1.62.0",
			"resolved": "https://registry.npmjs.org/@oxlint/binding-darwin-arm64/-/binding-darwin-arm64-1.62.0.tgz",
			"integrity": "sha512-iG+Tvf70UJ6otfwFYIHk36Sjq9cpPP5YLxkoggANNRtzgi3Tj3g8q6Ybqi6AtkU3+yg9QwF7bDCkCS6bbL4PCg==",
			"cpu": [
				"arm64"
			],
			"dev": true,
			"license": "MIT",
			"optional": true,
			"os": [
				"darwin"
			],
			"engines": {
				"node": "^20.19.0 || >=22.12.0"
			}
		},
		"node_modules/@oxlint/binding-darwin-x64": {
			"version": "1.62.0",
			"resolved": "https://registry.npmjs.org/@oxlint/binding-darwin-x64/-/binding-darwin-x64-1.62.0.tgz",
			"integrity": "sha512-oOWI6YPPr5AJUx+yIDlxmuUbQjS5gZX3OH3QisawYvsZgLiQVvZtR0rPBcJTxLWqt2ClrWg0DlSrlUiG5SQNHg==",
			"cpu": [
				"x64"
			],
			"dev": true,
			"license": "MIT",
			"optional": true,
			"os": [
				"darwin"
			],
			"engines": {
				"node": "^20.19.0 || >=22.12.0"
			}
		},
		"node_modules/@oxlint/binding-freebsd-x64": {
			"version": "1.62.0",
			"resolved": "https://registry.npmjs.org/@oxlint/binding-freebsd-x64/-/binding-freebsd-x64-1.62.0.tgz",
			"integrity": "sha512-dLP33T7VLCmLVv4cvjkVX+rmkcwNk2UfxmsZPNur/7BQHoQR60zJ7XLiRvNUawlzn0u8ngCa3itjEG73MAMa/w==",
			"cpu": [
				"x64"
			],
			"dev": true,
			"license": "MIT",
			"optional": true,
			"os": [
				"freebsd"
			],
			"engines": {
				"node": "^20.19.0 || >=22.12.0"
			}
		},
		"node_modules/@oxlint/binding-linux-arm-gnueabihf": {
			"version": "1.62.0",
			"resolved": "https://registry.npmjs.org/@oxlint/binding-linux-arm-gnueabihf/-/binding-linux-arm-gnueabihf-1.62.0.tgz",
			"integrity": "sha512-fl//LWNks6qo9chNY60UDYyIwtp7a5cEx4Y/rHPjaarhuwqx6jtbzEpD5V5AqmdL4a6Y5D8zeXg5HF2Cr0QmSQ==",
			"cpu": [
				"arm"
			],
			"dev": true,
			"license": "MIT",
			"optional": true,
			"os": [
				"linux"
			],
			"engines": {
				"node": "^20.19.0 || >=22.12.0"
			}
		},
		"node_modules/@oxlint/binding-linux-arm-musleabihf": {
			"version": "1.62.0",
			"resolved": "https://registry.npmjs.org/@oxlint/binding-linux-arm-musleabihf/-/binding-linux-arm-musleabihf-1.62.0.tgz",
			"integrity": "sha512-i5vkAuxvueTODV3J2dL61/TXewDHhMFKvtD156cIsk7GsdfiAu7zW7kY0NJXhKeFHeiMZIh7eFNjkPYH6J47HQ==",
			"cpu": [
				"arm"
			],
			"dev": true,
			"license": "MIT",
			"optional": true,
			"os": [
				"linux"
			],
			"engines": {
				"node": "^20.19.0 || >=22.12.0"
			}
		},
		"node_modules/@oxlint/binding-linux-arm64-gnu": {
			"version": "1.62.0",
			"resolved": "https://registry.npmjs.org/@oxlint/binding-linux-arm64-gnu/-/binding-linux-arm64-gnu-1.62.0.tgz",
			"integrity": "sha512-QwN19LLuIGuOjEflSeJkZmOTfBdBMlTmW8xbMf8TZhjd//cxVNYQPq75q7oKZBJc6hRx3gY7sX0Egc8cEIFZYg==",
			"cpu": [
				"arm64"
			],
			"dev": true,
			"libc": [
				"glibc"
			],
			"license": "MIT",
			"optional": true,
			"os": [
				"linux"
			],
			"engines": {
				"node": "^20.19.0 || >=22.12.0"
			}
		},
		"node_modules/@oxlint/binding-linux-arm64-musl": {
			"version": "1.62.0",
			"resolved": "https://registry.npmjs.org/@oxlint/binding-linux-arm64-musl/-/binding-linux-arm64-musl-1.62.0.tgz",
			"integrity": "sha512-8eCy3FCDuWUM5hWujAv6heMvfZPbcCOU3SdQUAkixZLu5bSzOkNfirJiLGoQFO943xceOKkiQRMQNzH++jM3WA==",
			"cpu": [
				"arm64"
			],
			"dev": true,
			"libc": [
				"musl"
			],
			"license": "MIT",
			"optional": true,
			"os": [
				"linux"
			],
			"engines": {
				"node": "^20.19.0 || >=22.12.0"
			}
		},
		"node_modules/@oxlint/binding-linux-ppc64-gnu": {
			"version": "1.62.0",
			"resolved": "https://registry.npmjs.org/@oxlint/binding-linux-ppc64-gnu/-/binding-linux-ppc64-gnu-1.62.0.tgz",
			"integrity": "sha512-NjQ7K7tpTPDe9J+yq8p/s/J0E7lRCkK2uDBDqvT4XIT6f4Z0tlnr59OBg/WcrmVHER1AbrcfyxhGTXgcG8ytWg==",
			"cpu": [
				"ppc64"
			],
			"dev": true,
			"libc": [
				"glibc"
			],
			"license": "MIT",
			"optional": true,
			"os": [
				"linux"
			],
			"engines": {
				"node": "^20.19.0 || >=22.12.0"
			}
		},
		"node_modules/@oxlint/binding-linux-riscv64-gnu": {
			"version": "1.62.0",
			"resolved": "https://registry.npmjs.org/@oxlint/binding-linux-riscv64-gnu/-/binding-linux-riscv64-gnu-1.62.0.tgz",
			"integrity": "sha512-oKZed9gmSwze29dEt3/Wnsv6l/Ygw/FUst+8Kfpv2SGeS/glEoTGZAMQw37SVyzFV76UTHJN2snGgxK2t2+8ow==",
			"cpu": [
				"riscv64"
			],
			"dev": true,
			"libc": [
				"glibc"
			],
			"license": "MIT",
			"optional": true,
			"os": [
				"linux"
			],
			"engines": {
				"node": "^20.19.0 || >=22.12.0"
			}
		},
		"node_modules/@oxlint/binding-linux-riscv64-musl": {
			"version": "1.62.0",
			"resolved": "https://registry.npmjs.org/@oxlint/binding-linux-riscv64-musl/-/binding-linux-riscv64-musl-1.62.0.tgz",
			"integrity": "sha512-gBjBxQ+9lGpAYq+ELqw0w8QXsBnkZclFc7GRX2r0LnEVn3ZTEqeIKpKcGjucmp76Q53bvJD0i4qBWBhcfhSfGA==",
			"cpu": [
				"riscv64"
			],
			"dev": true,
			"libc": [
				"musl"
			],
			"license": "MIT",
			"optional": true,
			"os": [
				"linux"
			],
			"engines": {
				"node": "^20.19.0 || >=22.12.0"
			}
		},
		"node_modules/@oxlint/binding-linux-s390x-gnu": {
			"version": "1.62.0",
			"resolved": "https://registry.npmjs.org/@oxlint/binding-linux-s390x-gnu/-/binding-linux-s390x-gnu-1.62.0.tgz",
			"integrity": "sha512-Ew2Kxs9EQ9/mbAIJ2hvocMC0wsOu6YKzStI2eFBDt+Td5O8seVC/oxgRIHqCcl5sf5ratA1nozQBAuv7tphkHg==",
			"cpu": [
				"s390x"
			],
			"dev": true,
			"libc": [
				"glibc"
			],
			"license": "MIT",
			"optional": true,
			"os": [
				"linux"
			],
			"engines": {
				"node": "^20.19.0 || >=22.12.0"
			}
		},
		"node_modules/@oxlint/binding-linux-x64-gnu": {
			"version": "1.62.0",
			"resolved": "https://registry.npmjs.org/@oxlint/binding-linux-x64-gnu/-/binding-linux-x64-gnu-1.62.0.tgz",
			"integrity": "sha512-5z25jcAA0gfKyVwz71A0VXgaPlocPoTAxhlv/hgoK6tlCrfoNuw7haWbDHvGMfjXhdic4EqVXGRv5XsTqFnbRQ==",
			"cpu": [
				"x64"
			],
			"dev": true,
			"libc": [
				"glibc"
			],
			"license": "MIT",
			"optional": true,
			"os": [
				"linux"
			],
			"engines": {
				"node": "^20.19.0 || >=22.12.0"
			}
		},
		"node_modules/@oxlint/binding-linux-x64-musl": {
			"version": "1.62.0",
			"resolved": "https://registry.npmjs.org/@oxlint/binding-linux-x64-musl/-/binding-linux-x64-musl-1.62.0.tgz",
			"integrity": "sha512-IWpHmMB6ZDllPvqWDkG6AmXrN7JF5e/c4g/0PuURsmlK+vHoYZPB70rr4u1bn3I4LsKCSpqqfveyx6UCOC8wdg==",
			"cpu": [
				"x64"
			],
			"dev": true,
			"libc": [
				"musl"
			],
			"license": "MIT",
			"optional": true,
			"os": [
				"linux"
			],
			"engines": {
				"node": "^20.19.0 || >=22.12.0"
			}
		},
		"node_modules/@oxlint/binding-openharmony-arm64": {
			"version": "1.62.0",
			"resolved": "https://registry.npmjs.org/@oxlint/binding-openharmony-arm64/-/binding-openharmony-arm64-1.62.0.tgz",
			"integrity": "sha512-fjlSxxrD5pA594vkyikCS9MnPRjQawW6/BLgyTYkO+73wwPlYjkcZ7LSd974l0Q2zkHQmu4DPvJFLYA7o8xrxQ==",
			"cpu": [
				"arm64"
			],
			"dev": true,
			"license": "MIT",
			"optional": true,
			"os": [
				"openharmony"
			],
			"engines": {
				"node": "^20.19.0 || >=22.12.0"
			}
		},
		"node_modules/@oxlint/binding-win32-arm64-msvc": {
			"version": "1.62.0",
			"resolved": "https://registry.npmjs.org/@oxlint/binding-win32-arm64-msvc/-/binding-win32-arm64-msvc-1.62.0.tgz",
			"integrity": "sha512-EiFXr8loNS0Ul3Gu80+9nr1T8jRmnKocqmHHg16tj5ZqTgUXyb97l2rrspVHdDluyFn9JfR4PoJFdNzw4paHww==",
			"cpu": [
				"arm64"
			],
			"dev": true,
			"license": "MIT",
			"optional": true,
			"os": [
				"win32"
			],
			"engines": {
				"node": "^20.19.0 || >=22.12.0"
			}
		},
		"node_modules/@oxlint/binding-win32-ia32-msvc": {
			"version": "1.62.0",
			"resolved": "https://registry.npmjs.org/@oxlint/binding-win32-ia32-msvc/-/binding-win32-ia32-msvc-1.62.0.tgz",
			"integrity": "sha512-IgOFvL73li1bFgab+hThXYA0N2Xms2kV2MvZN95cebV+fmrZ9AVui1JSxfeeqRLo3CpPxKZlzhyq4G0cnaAvIw==",
			"cpu": [
				"ia32"
			],
			"dev": true,
			"license": "MIT",
			"optional": true,
			"os": [
				"win32"
			],
			"engines": {
				"node": "^20.19.0 || >=22.12.0"
			}
		},
		"node_modules/@oxlint/binding-win32-x64-msvc": {
			"version": "1.62.0",
			"resolved": "https://registry.npmjs.org/@oxlint/binding-win32-x64-msvc/-/binding-win32-x64-msvc-1.62.0.tgz",
			"integrity": "sha512-6hMpyDWQ2zGA1OXFKBrdYMUveUCO8UJhkO6JdwZPd78xIdHZNhjx+pib+4fC2Cljuhjyl0QwA2F3df/bs4Bp6A==",
			"cpu": [
				"x64"
			],
			"dev": true,
			"license": "MIT",
			"optional": true,
			"os": [
				"win32"
			],
			"engines": {
				"node": "^20.19.0 || >=22.12.0"
			}
		},
		"node_modules/@sinclair/typebox": {
			"version": "0.34.49",
			"resolved": "https://registry.npmjs.org/@sinclair/typebox/-/typebox-0.34.49.tgz",
			"integrity": "sha512-brySQQs7Jtn0joV8Xh9ZV/hZb9Ozb0pmazDIASBkYKCjXrXU3mpcFahmK/z4YDhGkQvP9mWJbVyahdtU5wQA+A==",
			"inBundle": true,
			"license": "MIT"
		},
		"node_modules/@types/bun": {
			"version": "1.3.13",
			"resolved": "https://registry.npmjs.org/@types/bun/-/bun-1.3.13.tgz",
			"integrity": "sha512-9fqXWk5YIHGGnUau9TEi+qdlTYDAnOj+xLCmSTwXfAIqXr2x4tytJb43E9uCvt09zJURKXwAtkoH4nLQfzeTXw==",
			"dev": true,
			"license": "MIT",
			"dependencies": {
				"bun-types": "1.3.13"
			}
		},
		"node_modules/@types/node": {
			"version": "25.6.0",
			"resolved": "https://registry.npmjs.org/@types/node/-/node-25.6.0.tgz",
			"integrity": "sha512-+qIYRKdNYJwY3vRCZMdJbPLJAtGjQBudzZzdzwQYkEPQd+PJGixUL5QfvCLDaULoLv+RhT3LDkwEfKaAkgSmNQ==",
			"dev": true,
			"license": "MIT",
			"dependencies": {
				"undici-types": "~7.19.0"
			}
		},
		"node_modules/bun-types": {
			"version": "1.3.13",
			"resolved": "https://registry.npmjs.org/bun-types/-/bun-types-1.3.13.tgz",
			"integrity": "sha512-QXKeHLlOLqQX9LgYaHJfzdBaV21T63HhFJnvuRCcjZiaUDpbs5ED1MgxbMra71CsryN/1dAoXuJJJwIv/2drVA==",
			"dev": true,
			"license": "MIT",
			"dependencies": {
				"@types/node": "*"
			}
		},
		"node_modules/dprint": {
			"version": "0.53.2",
			"resolved": "https://registry.npmjs.org/dprint/-/dprint-0.53.2.tgz",
			"integrity": "sha512-3uF+X66vm3UmDG5tbBKUAyetc/FsBn+2fswfVzFlbrIlE2l0BgwRLEssYqW/o93lYn6A39i3lP2+wHA4B+usDg==",
			"dev": true,
			"hasInstallScript": true,
			"license": "MIT",
			"bin": {
				"dprint": "bin.cjs"
			},
			"optionalDependencies": {
				"@dprint/darwin-arm64": "0.53.2",
				"@dprint/darwin-x64": "0.53.2",
				"@dprint/linux-arm64-glibc": "0.53.2",
				"@dprint/linux-arm64-musl": "0.53.2",
				"@dprint/linux-loong64-glibc": "0.53.2",
				"@dprint/linux-loong64-musl": "0.53.2",
				"@dprint/linux-riscv64-glibc": "0.53.2",
				"@dprint/linux-x64-glibc": "0.53.2",
				"@dprint/linux-x64-musl": "0.53.2",
				"@dprint/win32-arm64": "0.53.2",
				"@dprint/win32-x64": "0.53.2"
			}
		},
		"node_modules/oxlint": {
			"version": "1.62.0",
			"resolved": "https://registry.npmjs.org/oxlint/-/oxlint-1.62.0.tgz",
			"integrity": "sha512-1uFkg6HakjsGIpW9wNdeW4/2LOHW9MEkoWjZUTUfQtIHyLIZPYt00w3Sg+H3lH+206FgBPHBbW5dVE5l2ExECQ==",
			"dev": true,
			"license": "MIT",
			"bin": {
				"oxlint": "bin/oxlint"
			},
			"engines": {
				"node": "^20.19.0 || >=22.12.0"
			},
			"funding": {
				"url": "https://github.com/sponsors/Boshen"
			},
			"optionalDependencies": {
				"@oxlint/binding-android-arm-eabi": "1.62.0",
				"@oxlint/binding-android-arm64": "1.62.0",
				"@oxlint/binding-darwin-arm64": "1.62.0",
				"@oxlint/binding-darwin-x64": "1.62.0",
				"@oxlint/binding-freebsd-x64": "1.62.0",
				"@oxlint/binding-linux-arm-gnueabihf": "1.62.0",
				"@oxlint/binding-linux-arm-musleabihf": "1.62.0",
				"@oxlint/binding-linux-arm64-gnu": "1.62.0",
				"@oxlint/binding-linux-arm64-musl": "1.62.0",
				"@oxlint/binding-linux-ppc64-gnu": "1.62.0",
				"@oxlint/binding-linux-riscv64-gnu": "1.62.0",
				"@oxlint/binding-linux-riscv64-musl": "1.62.0",
				"@oxlint/binding-linux-s390x-gnu": "1.62.0",
				"@oxlint/binding-linux-x64-gnu": "1.62.0",
				"@oxlint/binding-linux-x64-musl": "1.62.0",
				"@oxlint/binding-openharmony-arm64": "1.62.0",
				"@oxlint/binding-win32-arm64-msvc": "1.62.0",
				"@oxlint/binding-win32-ia32-msvc": "1.62.0",
				"@oxlint/binding-win32-x64-msvc": "1.62.0"
			},
			"peerDependencies": {
				"oxlint-tsgolint": ">=0.18.0"
			},
			"peerDependenciesMeta": {
				"oxlint-tsgolint": {
					"optional": true
				}
			}
		},
		"node_modules/typescript": {
			"version": "5.9.3",
			"resolved": "https://registry.npmjs.org/typescript/-/typescript-5.9.3.tgz",
			"integrity": "sha512-jl1vZzPDinLr9eUt3J/t7V6FgNEw9QjvBPdysz9KfQDD41fQrC2Y4vKQdiaUpFT4bXlb1RHhLpp8wtm6M5TgSw==",
			"dev": true,
			"license": "Apache-2.0",
			"bin": {
				"tsc": "bin/tsc",
				"tsserver": "bin/tsserver"
			},
			"engines": {
				"node": ">=14.17"
			}
		},
		"node_modules/undici-types": {
			"version": "7.19.2",
			"resolved": "https://registry.npmjs.org/undici-types/-/undici-types-7.19.2.tgz",
			"integrity": "sha512-qYVnV5OEm2AW8cJMCpdV20CDyaN3g0AjDlOGf1OW4iaDEx8MwdtChUp4zu4H0VP3nDRF/8RKWH+IPp9uW0YGZg==",
			"dev": true,
			"license": "MIT"
		},
		"packages/types": {
			"name": "@dataiku/types",
			"version": "0.1.0",
			"dependencies": {
				"@sinclair/typebox": "^0.34.49"
			},
			"engines": {
				"bun": ">=1.0"
			}
		}
	}
}
